
Microsoft Visual Studio Solution File, Format Version 12.00
# Visual Studio Version 17
VisualStudioVersion = 17.7.34221.43
MinimumVisualStudioVersion = 10.0.40219.1
Project("{FAE04EC0-301F-11D3-BF4B-00C04F79EFBC}") = "BlackJack", "BlackJack.csproj", "{77826E5C-EB79-4EE8-97CB-27099BF17F29}"
EndProject
Global
	GlobalSection(SolutionConfigurationPlatforms) = preSolution
		Debug|Any CPU = Debug|Any CPU
		Release|Any CPU = Release|Any CPU
	EndGlobalSection
	GlobalSection(ProjectConfigurationPlatforms) = postSolution
		{77826E5C-EB79-4EE8-97CB-27099BF17F29}.Debug|Any CPU.ActiveCfg = Debug|Any CPU
		{77826E5C-EB79-4EE8-97CB-27099BF17F29}.Debug|Any CPU.Build.0 = Debug|Any CPU
		{77826E5C-EB79-4EE8-97CB-27099BF17F29}.Release|Any CPU.ActiveCfg = Release|Any CPU
		{77826E5C-EB79-4EE8-97CB-27099BF17F29}.Release|Any CPU.Build.0 = Release|Any CPU
	EndGlobalSection
	GlobalSection(SolutionProperties) = preSolution
		HideSolutionNode = FALSE
	EndGlobalSection
	GlobalSection(ExtensibilityGlobals) = postSolution
		SolutionGuid = {35EABB45-0485-4A3A-8518-628DE2A83238}
	EndGlobalSection
EndGlobal
